
Microsoft Visual Studio Solution File, Format Version 12.00
# Visual Studio Version 17
VisualStudioVersion = 17.10.35122.118
MinimumVisualStudioVersion = 10.0.40219.1
Project("{FAE04EC0-301F-11D3-BF4B-00C04F79EFBC}") = "MyRocketProject", "MyRocketProject\MyRocketProject.csproj", "{F506CF2D-6A57-405F-8F73-E3F60A93E6C7}"
EndProject
Global
	GlobalSection(SolutionConfigurationPlatforms) = preSolution
		Debug|Any CPU = Debug|Any CPU
		Release|Any CPU = Release|Any CPU
	EndGlobalSection
	GlobalSection(ProjectConfigurationPlatforms) = postSolution
		{F506CF2D-6A57-405F-8F73-E3F60A93E6C7}.Debug|Any CPU.ActiveCfg = Debug|Any CPU
		{F506CF2D-6A57-405F-8F73-E3F60A93E6C7}.Debug|Any CPU.Build.0 = Debug|Any CPU
		{F506CF2D-6A57-405F-8F73-E3F60A93E6C7}.Release|Any CPU.ActiveCfg = Release|Any CPU
		{F506CF2D-6A57-405F-8F73-E3F60A93E6C7}.Release|Any CPU.Build.0 = Release|Any CPU
	EndGlobalSection
	GlobalSection(SolutionProperties) = preSolution
		HideSolutionNode = FALSE
	EndGlobalSection
	GlobalSection(ExtensibilityGlobals) = postSolution
		SolutionGuid = {D27AF4ED-3231-41F3-A095-1ACFA26ED0F2}
	EndGlobalSection
EndGlobal
